
Microsoft Visual Studio Solution File, Format Version 12.00
# Visual Studio Version 17
VisualStudioVersion = 17.4.33205.214
MinimumVisualStudioVersion = 10.0.40219.1
Project("{FAE04EC0-301F-11D3-BF4B-00C04F79EFBC}") = "task4_cs", "task4_cs.csproj", "{C0BD0590-E6C7-4249-9726-2A1A567F1D5A}"
EndProject
Global
	GlobalSection(SolutionConfigurationPlatforms) = preSolution
		Debug|Any CPU = Debug|Any CPU
		Release|Any CPU = Release|Any CPU
	EndGlobalSection
	GlobalSection(ProjectConfigurationPlatforms) = postSolution
		{C0BD0590-E6C7-4249-9726-2A1A567F1D5A}.Debug|Any CPU.ActiveCfg = Debug|Any CPU
		{C0BD0590-E6C7-4249-9726-2A1A567F1D5A}.Debug|Any CPU.Build.0 = Debug|Any CPU
		{C0BD0590-E6C7-4249-9726-2A1A567F1D5A}.Release|Any CPU.ActiveCfg = Release|Any CPU
		{C0BD0590-E6C7-4249-9726-2A1A567F1D5A}.Release|Any CPU.Build.0 = Release|Any CPU
	EndGlobalSection
	GlobalSection(SolutionProperties) = preSolution
		HideSolutionNode = FALSE
	EndGlobalSection
	GlobalSection(ExtensibilityGlobals) = postSolution
		SolutionGuid = {ECEE4EA8-7F99-4643-9467-544B8B60B5C9}
	EndGlobalSection
EndGlobal
